
Microsoft Visual Studio Solution File, Format Version 12.00
# Visual Studio Version 17
VisualStudioVersion = 17.11.35222.181
MinimumVisualStudioVersion = 10.0.40219.1
Project("{8BC9CEB8-8B4A-11D0-8D11-00A0C91BC942}") = "Aantekeningen", "Aantekeningen\Aantekeningen.vcxproj", "{775BBB53-D594-4ED8-88F2-AACBC31AED33}"
EndProject
Project("{8BC9CEB8-8B4A-11D0-8D11-00A0C91BC942}") = "Opgave 1", "Opgave 1\Opgave 1.vcxproj", "{D66D7304-84A5-455A-AD5F-1EBD6EF73A29}"
EndProject
Project("{8BC9CEB8-8B4A-11D0-8D11-00A0C91BC942}") = "Opgave 2", "Opgave 2\Opgave 2.vcxproj", "{41B6FCD2-8BD5-4FB6-B07E-8D37E49B852C}"
EndProject
Project("{8BC9CEB8-8B4A-11D0-8D11-00A0C91BC942}") = "Opgave 3 correct", "Opgave 3 correct\Opgave 3 correct.vcxproj", "{21A63E3E-BEB7-4EC7-BECC-94985FF6333F}"
EndProject
Project("{8BC9CEB8-8B4A-11D0-8D11-00A0C91BC942}") = "Opgave 4", "Opgave 4\Opgave 4.vcxproj", "{20DD3096-23AB-4F9C-8B57-8EC67DD42D98}"
EndProject
Project("{8BC9CEB8-8B4A-11D0-8D11-00A0C91BC942}") = "Opgave 5", "Opgave 5\Opgave 5.vcxproj", "{0C7CB08F-2487-4401-AE23-27A72D57BCA0}"
EndProject
Project("{8BC9CEB8-8B4A-11D0-8D11-00A0C91BC942}") = "Opgave 6", "Opgave 6\Opgave 6.vcxproj", "{DE11F009-6631-4BE0-9983-505B5EB41924}"
EndProject
Project("{8BC9CEB8-8B4A-11D0-8D11-00A0C91BC942}") = "Opgave 7", "Opgave 7\Opgave 7.vcxproj", "{4D5E3DAC-429F-4524-A1A7-CDD935706779}"
EndProject
Project("{8BC9CEB8-8B4A-11D0-8D11-00A0C91BC942}") = "Opgave 8", "Opgave 8\Opgave 8.vcxproj", "{FC6233F0-CF7C-4710-A475-3A9C2A49ABEE}"
EndProject
Project("{8BC9CEB8-8B4A-11D0-8D11-00A0C91BC942}") = "Opgave 9", "Opgave 9\Opgave 9.vcxproj", "{0FAB698C-6DD8-47A8-9AC1-ABA9942E6F99}"
EndProject
Project("{8BC9CEB8-8B4A-11D0-8D11-00A0C91BC942}") = "Opgave 10", "Opgave 10\Opgave 10.vcxproj", "{CE6A14C5-0082-43C5-B96B-1EBF627C1B54}"
EndProject
Project("{8BC9CEB8-8B4A-11D0-8D11-00A0C91BC942}") = "Opgave 11", "Opgave 11\Opgave 11.vcxproj", "{433726FA-285E-4FCB-9342-A1D814EEC591}"
EndProject
Project("{8BC9CEB8-8B4A-11D0-8D11-00A0C91BC942}") = "Opgave 12", "Opgave 12\Opgave 12.vcxproj", "{D9CFC51F-77D0-4732-B2E1-0AD5959E9DEE}"
EndProject
Project("{8BC9CEB8-8B4A-11D0-8D11-00A0C91BC942}") = "Opgave 13", "Opgave 13\Opgave 13.vcxproj", "{02C9F20C-9F7C-457B-B800-06E491F1F836}"
EndProject
Project("{8BC9CEB8-8B4A-11D0-8D11-00A0C91BC942}") = "Opgave 14", "Opgave 14\Opgave 14.vcxproj", "{7C344931-FB7B-49F7-8EC2-8D97A4E01B2E}"
EndProject
Project("{8BC9CEB8-8B4A-11D0-8D11-00A0C91BC942}") = "Opgave 15", "Opgave 15\Opgave 15.vcxproj", "{3D8444F8-D4F1-4DF6-9228-AEB53C427D1A}"
EndProject
Project("{8BC9CEB8-8B4A-11D0-8D11-00A0C91BC942}") = "Opgave 16", "Opgave 16\Opgave 16.vcxproj", "{64C53308-E79C-482D-8C9F-C12FC8B08013}"
EndProject
Project("{8BC9CEB8-8B4A-11D0-8D11-00A0C91BC942}") = "Opgave 17", "Opgave 17\Opgave 17.vcxproj", "{D7BCECA9-DB4A-4BA8-97F4-D23178E7F9E1}"
EndProject
Project("{8BC9CEB8-8B4A-11D0-8D11-00A0C91BC942}") = "Opgave 18", "Opgave 18\Opgave 18.vcxproj", "{0BA51D1A-BE12-43CC-926A-66B853FEE405}"
EndProject
Global
	GlobalSection(SolutionConfigurationPlatforms) = preSolution
		Debug|x64 = Debug|x64
		Debug|x86 = Debug|x86
		Release|x64 = Release|x64
		Release|x86 = Release|x86
	EndGlobalSection
	GlobalSection(ProjectConfigurationPlatforms) = postSolution
		{775BBB53-D594-4ED8-88F2-AACBC31AED33}.Debug|x64.ActiveCfg = Debug|x64
		{775BBB53-D594-4ED8-88F2-AACBC31AED33}.Debug|x64.Build.0 = Debug|x64
		{775BBB53-D594-4ED8-88F2-AACBC31AED33}.Debug|x86.ActiveCfg = Debug|Win32
		{775BBB53-D594-4ED8-88F2-AACBC31AED33}.Debug|x86.Build.0 = Debug|Win32
		{775BBB53-D594-4ED8-88F2-AACBC31AED33}.Release|x64.ActiveCfg = Release|x64
		{775BBB53-D594-4ED8-88F2-AACBC31AED33}.Release|x64.Build.0 = Release|x64
		{775BBB53-D594-4ED8-88F2-AACBC31AED33}.Release|x86.ActiveCfg = Release|Win32
		{775BBB53-D594-4ED8-88F2-AACBC31AED33}.Release|x86.Build.0 = Release|Win32
		{D66D7304-84A5-455A-AD5F-1EBD6EF73A29}.Debug|x64.ActiveCfg = Debug|x64
		{D66D7304-84A5-455A-AD5F-1EBD6EF73A29}.Debug|x64.Build.0 = Debug|x64
		{D66D7304-84A5-455A-AD5F-1EBD6EF73A29}.Debug|x86.ActiveCfg = Debug|Win32
		{D66D7304-84A5-455A-AD5F-1EBD6EF73A29}.Debug|x86.Build.0 = Debug|Win32
		{D66D7304-84A5-455A-AD5F-1EBD6EF73A29}.Release|x64.ActiveCfg = Release|x64
		{D66D7304-84A5-455A-AD5F-1EBD6EF73A29}.Release|x64.Build.0 = Release|x64
		{D66D7304-84A5-455A-AD5F-1EBD6EF73A29}.Release|x86.ActiveCfg = Release|Win32
		{D66D7304-84A5-455A-AD5F-1EBD6EF73A29}.Release|x86.Build.0 = Release|Win32
		{41B6FCD2-8BD5-4FB6-B07E-8D37E49B852C}.Debug|x64.ActiveCfg = Debug|x64
		{41B6FCD2-8BD5-4FB6-B07E-8D37E49B852C}.Debug|x64.Build.0 = Debug|x64
		{41B6FCD2-8BD5-4FB6-B07E-8D37E49B852C}.Debug|x86.ActiveCfg = Debug|Win32
		{41B6FCD2-8BD5-4FB6-B07E-8D37E49B852C}.Debug|x86.Build.0 = Debug|Win32
		{41B6FCD2-8BD5-4FB6-B07E-8D37E49B852C}.Release|x64.ActiveCfg = Release|x64
		{41B6FCD2-8BD5-4FB6-B07E-8D37E49B852C}.Release|x64.Build.0 = Release|x64
		{41B6FCD2-8BD5-4FB6-B07E-8D37E49B852C}.Release|x86.ActiveCfg = Release|Win32
		{41B6FCD2-8BD5-4FB6-B07E-8D37E49B852C}.Release|x86.Build.0 = Release|Win32
		{21A63E3E-BEB7-4EC7-BECC-94985FF6333F}.Debug|x64.ActiveCfg = Debug|x64
		{21A63E3E-BEB7-4EC7-BECC-94985FF6333F}.Debug|x64.Build.0 = Debug|x64
		{21A63E3E-BEB7-4EC7-BECC-94985FF6333F}.Debug|x86.ActiveCfg = Debug|Win32
		{21A63E3E-BEB7-4EC7-BECC-94985FF6333F}.Debug|x86.Build.0 = Debug|Win32
		{21A63E3E-BEB7-4EC7-BECC-94985FF6333F}.Release|x64.ActiveCfg = Release|x64
		{21A63E3E-BEB7-4EC7-BECC-94985FF6333F}.Release|x64.Build.0 = Release|x64
		{21A63E3E-BEB7-4EC7-BECC-94985FF6333F}.Release|x86.ActiveCfg = Release|Win32
		{21A63E3E-BEB7-4EC7-BECC-94985FF6333F}.Release|x86.Build.0 = Release|Win32
		{20DD3096-23AB-4F9C-8B57-8EC67DD42D98}.Debug|x64.ActiveCfg = Debug|x64
		{20DD3096-23AB-4F9C-8B57-8EC67DD42D98}.Debug|x64.Build.0 = Debug|x64
		{20DD3096-23AB-4F9C-8B57-8EC67DD42D98}.Debug|x86.ActiveCfg = Debug|Win32
		{20DD3096-23AB-4F9C-8B57-8EC67DD42D98}.Debug|x86.Build.0 = Debug|Win32
		{20DD3096-23AB-4F9C-8B57-8EC67DD42D98}.Release|x64.ActiveCfg = Release|x64
		{20DD3096-23AB-4F9C-8B57-8EC67DD42D98}.Release|x64.Build.0 = Release|x64
		{20DD3096-23AB-4F9C-8B57-8EC67DD42D98}.Release|x86.ActiveCfg = Release|Win32
		{20DD3096-23AB-4F9C-8B57-8EC67DD42D98}.Release|x86.Build.0 = Release|Win32
		{0C7CB08F-2487-4401-AE23-27A72D57BCA0}.Debug|x64.ActiveCfg = Debug|x64
		{0C7CB08F-2487-4401-AE23-27A72D57BCA0}.Debug|x64.Build.0 = Debug|x64
		{0C7CB08F-2487-4401-AE23-27A72D57BCA0}.Debug|x86.ActiveCfg = Debug|Win32
		{0C7CB08F-2487-4401-AE23-27A72D57BCA0}.Debug|x86.Build.0 = Debug|Win32
		{0C7CB08F-2487-4401-AE23-27A72D57BCA0}.Release|x64.ActiveCfg = Release|x64
		{0C7CB08F-2487-4401-AE23-27A72D57BCA0}.Release|x64.Build.0 = Release|x64
		{0C7CB08F-2487-4401-AE23-27A72D57BCA0}.Release|x86.ActiveCfg = Release|Win32
		{0C7CB08F-2487-4401-AE23-27A72D57BCA0}.Release|x86.Build.0 = Release|Win32
		{DE11F009-6631-4BE0-9983-505B5EB41924}.Debug|x64.ActiveCfg = Debug|x64
		{DE11F009-6631-4BE0-9983-505B5EB41924}.Debug|x64.Build.0 = Debug|x64
		{DE11F009-6631-4BE0-9983-505B5EB41924}.Debug|x86.ActiveCfg = Debug|Win32
		{DE11F009-6631-4BE0-9983-505B5EB41924}.Debug|x86.Build.0 = Debug|Win32
		{DE11F009-6631-4BE0-9983-505B5EB41924}.Release|x64.ActiveCfg = Release|x64
		{DE11F009-6631-4BE0-9983-505B5EB41924}.Release|x64.Build.0 = Release|x64
		{DE11F009-6631-4BE0-9983-505B5EB41924}.Release|x86.ActiveCfg = Release|Win32
		{DE11F009-6631-4BE0-9983-505B5EB41924}.Release|x86.Build.0 = Release|Win32
		{4D5E3DAC-429F-4524-A1A7-CDD935706779}.Debug|x64.ActiveCfg = Debug|x64
		{4D5E3DAC-429F-4524-A1A7-CDD935706779}.Debug|x64.Build.0 = Debug|x64
		{4D5E3DAC-429F-4524-A1A7-CDD935706779}.Debug|x86.ActiveCfg = Debug|Win32
		{4D5E3DAC-429F-4524-A1A7-CDD935706779}.Debug|x86.Build.0 = Debug|Win32
		{4D5E3DAC-429F-4524-A1A7-CDD935706779}.Release|x64.ActiveCfg = Release|x64
		{4D5E3DAC-429F-4524-A1A7-CDD935706779}.Release|x64.Build.0 = Release|x64
		{4D5E3DAC-429F-4524-A1A7-CDD935706779}.Release|x86.ActiveCfg = Release|Win32
		{4D5E3DAC-429F-4524-A1A7-CDD935706779}.Release|x86.Build.0 = Release|Win32
		{FC6233F0-CF7C-4710-A475-3A9C2A49ABEE}.Debug|x64.ActiveCfg = Debug|x64
		{FC6233F0-CF7C-4710-A475-3A9C2A49ABEE}.Debug|x64.Build.0 = Debug|x64
		{FC6233F0-CF7C-4710-A475-3A9C2A49ABEE}.Debug|x86.ActiveCfg = Debug|Win32
		{FC6233F0-CF7C-4710-A475-3A9C2A49ABEE}.Debug|x86.Build.0 = Debug|Win32
		{FC6233F0-CF7C-4710-A475-3A9C2A49ABEE}.Release|x64.ActiveCfg = Release|x64
		{FC6233F0-CF7C-4710-A475-3A9C2A49ABEE}.Release|x64.Build.0 = Release|x64
		{FC6233F0-CF7C-4710-A475-3A9C2A49ABEE}.Release|x86.ActiveCfg = Release|Win32
		{FC6233F0-CF7C-4710-A475-3A9C2A49ABEE}.Release|x86.Build.0 = Release|Win32
		{0FAB698C-6DD8-47A8-9AC1-ABA9942E6F99}.Debug|x64.ActiveCfg = Debug|x64
		{0FAB698C-6DD8-47A8-9AC1-ABA9942E6F99}.Debug|x64.Build.0 = Debug|x64
		{0FAB698C-6DD8-47A8-9AC1-ABA9942E6F99}.Debug|x86.ActiveCfg = Debug|Win32
		{0FAB698C-6DD8-47A8-9AC1-ABA9942E6F99}.Debug|x86.Build.0 = Debug|Win32
		{0FAB698C-6DD8-47A8-9AC1-ABA9942E6F99}.Release|x64.ActiveCfg = Release|x64
		{0FAB698C-6DD8-47A8-9AC1-ABA9942E6F99}.Release|x64.Build.0 = Release|x64
		{0FAB698C-6DD8-47A8-9AC1-ABA9942E6F99}.Release|x86.ActiveCfg = Release|Win32
		{0FAB698C-6DD8-47A8-9AC1-ABA9942E6F99}.Release|x86.Build.0 = Release|Win32
		{CE6A14C5-0082-43C5-B96B-1EBF627C1B54}.Debug|x64.ActiveCfg = Debug|x64
		{CE6A14C5-0082-43C5-B96B-1EBF627C1B54}.Debug|x64.Build.0 = Debug|x64
		{CE6A14C5-0082-43C5-B96B-1EBF627C1B54}.Debug|x86.ActiveCfg = Debug|Win32
		{CE6A14C5-0082-43C5-B96B-1EBF627C1B54}.Debug|x86.Build.0 = Debug|Win32
		{CE6A14C5-0082-43C5-B96B-1EBF627C1B54}.Release|x64.ActiveCfg = Release|x64
		{CE6A14C5-0082-43C5-B96B-1EBF627C1B54}.Release|x64.Build.0 = Release|x64
		{CE6A14C5-0082-43C5-B96B-1EBF627C1B54}.Release|x86.ActiveCfg = Release|Win32
		{CE6A14C5-0082-43C5-B96B-1EBF627C1B54}.Release|x86.Build.0 = Release|Win32
		{433726FA-285E-4FCB-9342-A1D814EEC591}.Debug|x64.ActiveCfg = Debug|x64
		{433726FA-285E-4FCB-9342-A1D814EEC591}.Debug|x64.Build.0 = Debug|x64
		{433726FA-285E-4FCB-9342-A1D814EEC591}.Debug|x86.ActiveCfg = Debug|Win32
		{433726FA-285E-4FCB-9342-A1D814EEC591}.Debug|x86.Build.0 = Debug|Win32
		{433726FA-285E-4FCB-9342-A1D814EEC591}.Release|x64.ActiveCfg = Release|x64
		{433726FA-285E-4FCB-9342-A1D814EEC591}.Release|x64.Build.0 = Release|x64
		{433726FA-285E-4FCB-9342-A1D814EEC591}.Release|x86.ActiveCfg = Release|Win32
		{433726FA-285E-4FCB-9342-A1D814EEC591}.Release|x86.Build.0 = Release|Win32
		{D9CFC51F-77D0-4732-B2E1-0AD5959E9DEE}.Debug|x64.ActiveCfg = Debug|x64
		{D9CFC51F-77D0-4732-B2E1-0AD5959E9DEE}.Debug|x64.Build.0 = Debug|x64
		{D9CFC51F-77D0-4732-B2E1-0AD5959E9DEE}.Debug|x86.ActiveCfg = Debug|Win32
		{D9CFC51F-77D0-4732-B2E1-0AD5959E9DEE}.Debug|x86.Build.0 = Debug|Win32
		{D9CFC51F-77D0-4732-B2E1-0AD5959E9DEE}.Release|x64.ActiveCfg = Release|x64
		{D9CFC51F-77D0-4732-B2E1-0AD5959E9DEE}.Release|x64.Build.0 = Release|x64
		{D9CFC51F-77D0-4732-B2E1-0AD5959E9DEE}.Release|x86.ActiveCfg = Release|Win32
		{D9CFC51F-77D0-4732-B2E1-0AD5959E9DEE}.Release|x86.Build.0 = Release|Win32
		{02C9F20C-9F7C-457B-B800-06E491F1F836}.Debug|x64.ActiveCfg = Debug|x64
		{02C9F20C-9F7C-457B-B800-06E491F1F836}.Debug|x64.Build.0 = Debug|x64
		{02C9F20C-9F7C-457B-B800-06E491F1F836}.Debug|x86.ActiveCfg = Debug|Win32
		{02C9F20C-9F7C-457B-B800-06E491F1F836}.Debug|x86.Build.0 = Debug|Win32
		{02C9F20C-9F7C-457B-B800-06E491F1F836}.Release|x64.ActiveCfg = Release|x64
		{02C9F20C-9F7C-457B-B800-06E491F1F836}.Release|x64.Build.0 = Release|x64
		{02C9F20C-9F7C-457B-B800-06E491F1F836}.Release|x86.ActiveCfg = Release|Win32
		{02C9F20C-9F7C-457B-B800-06E491F1F836}.Release|x86.Build.0 = Release|Win32
		{7C344931-FB7B-49F7-8EC2-8D97A4E01B2E}.Debug|x64.ActiveCfg = Debug|x64
		{7C344931-FB7B-49F7-8EC2-8D97A4E01B2E}.Debug|x64.Build.0 = Debug|x64
		{7C344931-FB7B-49F7-8EC2-8D97A4E01B2E}.Debug|x86.ActiveCfg = Debug|Win32
		{7C344931-FB7B-49F7-8EC2-8D97A4E01B2E}.Debug|x86.Build.0 = Debug|Win32
		{7C344931-FB7B-49F7-8EC2-8D97A4E01B2E}.Release|x64.ActiveCfg = Release|x64
		{7C344931-FB7B-49F7-8EC2-8D97A4E01B2E}.Release|x64.Build.0 = Release|x64
		{7C344931-FB7B-49F7-8EC2-8D97A4E01B2E}.Release|x86.ActiveCfg = Release|Win32
		{7C344931-FB7B-49F7-8EC2-8D97A4E01B2E}.Release|x86.Build.0 = Release|Win32
		{3D8444F8-D4F1-4DF6-9228-AEB53C427D1A}.Debug|x64.ActiveCfg = Debug|x64
		{3D8444F8-D4F1-4DF6-9228-AEB53C427D1A}.Debug|x64.Build.0 = Debug|x64
		{3D8444F8-D4F1-4DF6-9228-AEB53C427D1A}.Debug|x86.ActiveCfg = Debug|Win32
		{3D8444F8-D4F1-4DF6-9228-AEB53C427D1A}.Debug|x86.Build.0 = Debug|Win32
		{3D8444F8-D4F1-4DF6-9228-AEB53C427D1A}.Release|x64.ActiveCfg = Release|x64
		{3D8444F8-D4F1-4DF6-9228-AEB53C427D1A}.Release|x64.Build.0 = Release|x64
		{3D8444F8-D4F1-4DF6-9228-AEB53C427D1A}.Release|x86.ActiveCfg = Release|Win32
		{3D8444F8-D4F1-4DF6-9228-AEB53C427D1A}.Release|x86.Build.0 = Release|Win32
		{64C53308-E79C-482D-8C9F-C12FC8B08013}.Debug|x64.ActiveCfg = Debug|x64
		{64C53308-E79C-482D-8C9F-C12FC8B08013}.Debug|x64.Build.0 = Debug|x64
		{64C53308-E79C-482D-8C9F-C12FC8B08013}.Debug|x86.ActiveCfg = Debug|Win32
		{64C53308-E79C-482D-8C9F-C12FC8B08013}.Debug|x86.Build.0 = Debug|Win32
		{64C53308-E79C-482D-8C9F-C12FC8B08013}.Release|x64.ActiveCfg = Release|x64
		{64C53308-E79C-482D-8C9F-C12FC8B08013}.Release|x64.Build.0 = Release|x64
		{64C53308-E79C-482D-8C9F-C12FC8B08013}.Release|x86.ActiveCfg = Release|Win32
		{64C53308-E79C-482D-8C9F-C12FC8B08013}.Release|x86.Build.0 = Release|Win32
		{D7BCECA9-DB4A-4BA8-97F4-D23178E7F9E1}.Debug|x64.ActiveCfg = Debug|x64
		{D7BCECA9-DB4A-4BA8-97F4-D23178E7F9E1}.Debug|x64.Build.0 = Debug|x64
		{D7BCECA9-DB4A-4BA8-97F4-D23178E7F9E1}.Debug|x86.ActiveCfg = Debug|Win32
		{D7BCECA9-DB4A-4BA8-97F4-D23178E7F9E1}.Debug|x86.Build.0 = Debug|Win32
		{D7BCECA9-DB4A-4BA8-97F4-D23178E7F9E1}.Release|x64.ActiveCfg = Release|x64
		{D7BCECA9-DB4A-4BA8-97F4-D23178E7F9E1}.Release|x64.Build.0 = Release|x64
		{D7BCECA9-DB4A-4BA8-97F4-D23178E7F9E1}.Release|x86.ActiveCfg = Release|Win32
		{D7BCECA9-DB4A-4BA8-97F4-D23178E7F9E1}.Release|x86.Build.0 = Release|Win32
		{0BA51D1A-BE12-43CC-926A-66B853FEE405}.Debug|x64.ActiveCfg = Debug|x64
		{0BA51D1A-BE12-43CC-926A-66B853FEE405}.Debug|x64.Build.0 = Debug|x64
		{0BA51D1A-BE12-43CC-926A-66B853FEE405}.Debug|x86.ActiveCfg = Debug|Win32
		{0BA51D1A-BE12-43CC-926A-66B853FEE405}.Debug|x86.Build.0 = Debug|Win32
		{0BA51D1A-BE12-43CC-926A-66B853FEE405}.Release|x64.ActiveCfg = Release|x64
		{0BA51D1A-BE12-43CC-926A-66B853FEE405}.Release|x64.Build.0 = Release|x64
		{0BA51D1A-BE12-43CC-926A-66B853FEE405}.Release|x86.ActiveCfg = Release|Win32
		{0BA51D1A-BE12-43CC-926A-66B853FEE405}.Release|x86.Build.0 = Release|Win32
	EndGlobalSection
	GlobalSection(SolutionProperties) = preSolution
		HideSolutionNode = FALSE
	EndGlobalSection
	GlobalSection(ExtensibilityGlobals) = postSolution
		SolutionGuid = {C7D5A4ED-D7B2-4C49-967C-D4F1F3155685}
	EndGlobalSection
EndGlobal
