
Microsoft Visual Studio Solution File, Format Version 12.00
# Visual Studio Version 17
VisualStudioVersion = 17.11.35222.181
MinimumVisualStudioVersion = 10.0.40219.1
Project("{8BC9CEB8-8B4A-11D0-8D11-00A0C91BC942}") = "Opgave 1", "Opgave 1\Opgave 1.vcxproj", "{9AEE523A-C769-42C5-BF6D-C6DEE4412271}"
EndProject
Project("{8BC9CEB8-8B4A-11D0-8D11-00A0C91BC942}") = "Opgave 2", "Opgave 2\Opgave 2.vcxproj", "{8460E86F-F6A1-4737-9E10-2183C519A1AE}"
EndProject
Project("{8BC9CEB8-8B4A-11D0-8D11-00A0C91BC942}") = "Aantekeningen", "Aantekeningen\Aantekeningen.vcxproj", "{A7BE57E9-3CFF-473A-83ED-25817409934C}"
EndProject
Project("{8BC9CEB8-8B4A-11D0-8D11-00A0C91BC942}") = "Opgave 3", "Project1\Project1.vcxproj", "{269FFC01-A552-444F-8702-AD3B2D9F15C3}"
EndProject
Project("{8BC9CEB8-8B4A-11D0-8D11-00A0C91BC942}") = "Opgave 4", "Opgave 4\Opgave 4.vcxproj", "{6DC8AEB4-4948-4C6C-9C01-824A4784569D}"
EndProject
Project("{8BC9CEB8-8B4A-11D0-8D11-00A0C91BC942}") = "Opgave 5", "Opgave 5\Opgave 5.vcxproj", "{071DDA01-C0CB-46AB-80EC-79793835DB98}"
EndProject
Project("{8BC9CEB8-8B4A-11D0-8D11-00A0C91BC942}") = "Opgave 6", "Opgave 6\Opgave 6.vcxproj", "{F79E8736-78DE-4F71-9117-1633E771FC44}"
EndProject
Project("{8BC9CEB8-8B4A-11D0-8D11-00A0C91BC942}") = "Opgave 7", "Opgave 7\Opgave 7.vcxproj", "{F0F4BB4E-E33F-461F-9A6A-F681F9E3004E}"
EndProject
Project("{8BC9CEB8-8B4A-11D0-8D11-00A0C91BC942}") = "Opgave 8", "Opgave 8\Opgave 8.vcxproj", "{D1E6BD5C-F137-4B6B-8C99-93D9F0E1B843}"
EndProject
Project("{8BC9CEB8-8B4A-11D0-8D11-00A0C91BC942}") = "Opgave 9", "Opgave 9\Opgave 9.vcxproj", "{06634144-B670-45F3-8E73-D082C7DF89F6}"
EndProject
Project("{8BC9CEB8-8B4A-11D0-8D11-00A0C91BC942}") = "Opgave 10", "Opgave 10\Opgave 10.vcxproj", "{348F8FBE-4B59-4365-A470-EA9B29B1A37B}"
EndProject
Project("{8BC9CEB8-8B4A-11D0-8D11-00A0C91BC942}") = "Opgave 11", "Opgave 11\Opgave 11.vcxproj", "{E63C89A8-C904-4240-8384-C1E11D18182C}"
EndProject
Project("{8BC9CEB8-8B4A-11D0-8D11-00A0C91BC942}") = "Opgave 12", "Opgave 12\Opgave 12.vcxproj", "{704828EB-5772-4898-A0A8-891E61582045}"
EndProject
Project("{8BC9CEB8-8B4A-11D0-8D11-00A0C91BC942}") = "Opgave 13", "Opgave 13\Opgave 13.vcxproj", "{8834DF00-3318-4D2A-ACE8-35AFB8CDF999}"
EndProject
Global
	GlobalSection(SolutionConfigurationPlatforms) = preSolution
		Debug|x64 = Debug|x64
		Debug|x86 = Debug|x86
		Release|x64 = Release|x64
		Release|x86 = Release|x86
	EndGlobalSection
	GlobalSection(ProjectConfigurationPlatforms) = postSolution
		{9AEE523A-C769-42C5-BF6D-C6DEE4412271}.Debug|x64.ActiveCfg = Debug|x64
		{9AEE523A-C769-42C5-BF6D-C6DEE4412271}.Debug|x64.Build.0 = Debug|x64
		{9AEE523A-C769-42C5-BF6D-C6DEE4412271}.Debug|x86.ActiveCfg = Debug|Win32
		{9AEE523A-C769-42C5-BF6D-C6DEE4412271}.Debug|x86.Build.0 = Debug|Win32
		{9AEE523A-C769-42C5-BF6D-C6DEE4412271}.Release|x64.ActiveCfg = Release|x64
		{9AEE523A-C769-42C5-BF6D-C6DEE4412271}.Release|x64.Build.0 = Release|x64
		{9AEE523A-C769-42C5-BF6D-C6DEE4412271}.Release|x86.ActiveCfg = Release|Win32
		{9AEE523A-C769-42C5-BF6D-C6DEE4412271}.Release|x86.Build.0 = Release|Win32
		{8460E86F-F6A1-4737-9E10-2183C519A1AE}.Debug|x64.ActiveCfg = Debug|x64
		{8460E86F-F6A1-4737-9E10-2183C519A1AE}.Debug|x64.Build.0 = Debug|x64
		{8460E86F-F6A1-4737-9E10-2183C519A1AE}.Debug|x86.ActiveCfg = Debug|Win32
		{8460E86F-F6A1-4737-9E10-2183C519A1AE}.Debug|x86.Build.0 = Debug|Win32
		{8460E86F-F6A1-4737-9E10-2183C519A1AE}.Release|x64.ActiveCfg = Release|x64
		{8460E86F-F6A1-4737-9E10-2183C519A1AE}.Release|x64.Build.0 = Release|x64
		{8460E86F-F6A1-4737-9E10-2183C519A1AE}.Release|x86.ActiveCfg = Release|Win32
		{8460E86F-F6A1-4737-9E10-2183C519A1AE}.Release|x86.Build.0 = Release|Win32
		{A7BE57E9-3CFF-473A-83ED-25817409934C}.Debug|x64.ActiveCfg = Debug|x64
		{A7BE57E9-3CFF-473A-83ED-25817409934C}.Debug|x64.Build.0 = Debug|x64
		{A7BE57E9-3CFF-473A-83ED-25817409934C}.Debug|x86.ActiveCfg = Debug|Win32
		{A7BE57E9-3CFF-473A-83ED-25817409934C}.Debug|x86.Build.0 = Debug|Win32
		{A7BE57E9-3CFF-473A-83ED-25817409934C}.Release|x64.ActiveCfg = Release|x64
		{A7BE57E9-3CFF-473A-83ED-25817409934C}.Release|x64.Build.0 = Release|x64
		{A7BE57E9-3CFF-473A-83ED-25817409934C}.Release|x86.ActiveCfg = Release|Win32
		{A7BE57E9-3CFF-473A-83ED-25817409934C}.Release|x86.Build.0 = Release|Win32
		{269FFC01-A552-444F-8702-AD3B2D9F15C3}.Debug|x64.ActiveCfg = Debug|x64
		{269FFC01-A552-444F-8702-AD3B2D9F15C3}.Debug|x64.Build.0 = Debug|x64
		{269FFC01-A552-444F-8702-AD3B2D9F15C3}.Debug|x86.ActiveCfg = Debug|Win32
		{269FFC01-A552-444F-8702-AD3B2D9F15C3}.Debug|x86.Build.0 = Debug|Win32
		{269FFC01-A552-444F-8702-AD3B2D9F15C3}.Release|x64.ActiveCfg = Release|x64
		{269FFC01-A552-444F-8702-AD3B2D9F15C3}.Release|x64.Build.0 = Release|x64
		{269FFC01-A552-444F-8702-AD3B2D9F15C3}.Release|x86.ActiveCfg = Release|Win32
		{269FFC01-A552-444F-8702-AD3B2D9F15C3}.Release|x86.Build.0 = Release|Win32
		{6DC8AEB4-4948-4C6C-9C01-824A4784569D}.Debug|x64.ActiveCfg = Debug|x64
		{6DC8AEB4-4948-4C6C-9C01-824A4784569D}.Debug|x64.Build.0 = Debug|x64
		{6DC8AEB4-4948-4C6C-9C01-824A4784569D}.Debug|x86.ActiveCfg = Debug|Win32
		{6DC8AEB4-4948-4C6C-9C01-824A4784569D}.Debug|x86.Build.0 = Debug|Win32
		{6DC8AEB4-4948-4C6C-9C01-824A4784569D}.Release|x64.ActiveCfg = Release|x64
		{6DC8AEB4-4948-4C6C-9C01-824A4784569D}.Release|x64.Build.0 = Release|x64
		{6DC8AEB4-4948-4C6C-9C01-824A4784569D}.Release|x86.ActiveCfg = Release|Win32
		{6DC8AEB4-4948-4C6C-9C01-824A4784569D}.Release|x86.Build.0 = Release|Win32
		{071DDA01-C0CB-46AB-80EC-79793835DB98}.Debug|x64.ActiveCfg = Debug|x64
		{071DDA01-C0CB-46AB-80EC-79793835DB98}.Debug|x64.Build.0 = Debug|x64
		{071DDA01-C0CB-46AB-80EC-79793835DB98}.Debug|x86.ActiveCfg = Debug|Win32
		{071DDA01-C0CB-46AB-80EC-79793835DB98}.Debug|x86.Build.0 = Debug|Win32
		{071DDA01-C0CB-46AB-80EC-79793835DB98}.Release|x64.ActiveCfg = Release|x64
		{071DDA01-C0CB-46AB-80EC-79793835DB98}.Release|x64.Build.0 = Release|x64
		{071DDA01-C0CB-46AB-80EC-79793835DB98}.Release|x86.ActiveCfg = Release|Win32
		{071DDA01-C0CB-46AB-80EC-79793835DB98}.Release|x86.Build.0 = Release|Win32
		{F79E8736-78DE-4F71-9117-1633E771FC44}.Debug|x64.ActiveCfg = Debug|x64
		{F79E8736-78DE-4F71-9117-1633E771FC44}.Debug|x64.Build.0 = Debug|x64
		{F79E8736-78DE-4F71-9117-1633E771FC44}.Debug|x86.ActiveCfg = Debug|Win32
		{F79E8736-78DE-4F71-9117-1633E771FC44}.Debug|x86.Build.0 = Debug|Win32
		{F79E8736-78DE-4F71-9117-1633E771FC44}.Release|x64.ActiveCfg = Release|x64
		{F79E8736-78DE-4F71-9117-1633E771FC44}.Release|x64.Build.0 = Release|x64
		{F79E8736-78DE-4F71-9117-1633E771FC44}.Release|x86.ActiveCfg = Release|Win32
		{F79E8736-78DE-4F71-9117-1633E771FC44}.Release|x86.Build.0 = Release|Win32
		{F0F4BB4E-E33F-461F-9A6A-F681F9E3004E}.Debug|x64.ActiveCfg = Debug|x64
		{F0F4BB4E-E33F-461F-9A6A-F681F9E3004E}.Debug|x64.Build.0 = Debug|x64
		{F0F4BB4E-E33F-461F-9A6A-F681F9E3004E}.Debug|x86.ActiveCfg = Debug|Win32
		{F0F4BB4E-E33F-461F-9A6A-F681F9E3004E}.Debug|x86.Build.0 = Debug|Win32
		{F0F4BB4E-E33F-461F-9A6A-F681F9E3004E}.Release|x64.ActiveCfg = Release|x64
		{F0F4BB4E-E33F-461F-9A6A-F681F9E3004E}.Release|x64.Build.0 = Release|x64
		{F0F4BB4E-E33F-461F-9A6A-F681F9E3004E}.Release|x86.ActiveCfg = Release|Win32
		{F0F4BB4E-E33F-461F-9A6A-F681F9E3004E}.Release|x86.Build.0 = Release|Win32
		{D1E6BD5C-F137-4B6B-8C99-93D9F0E1B843}.Debug|x64.ActiveCfg = Debug|x64
		{D1E6BD5C-F137-4B6B-8C99-93D9F0E1B843}.Debug|x64.Build.0 = Debug|x64
		{D1E6BD5C-F137-4B6B-8C99-93D9F0E1B843}.Debug|x86.ActiveCfg = Debug|Win32
		{D1E6BD5C-F137-4B6B-8C99-93D9F0E1B843}.Debug|x86.Build.0 = Debug|Win32
		{D1E6BD5C-F137-4B6B-8C99-93D9F0E1B843}.Release|x64.ActiveCfg = Release|x64
		{D1E6BD5C-F137-4B6B-8C99-93D9F0E1B843}.Release|x64.Build.0 = Release|x64
		{D1E6BD5C-F137-4B6B-8C99-93D9F0E1B843}.Release|x86.ActiveCfg = Release|Win32
		{D1E6BD5C-F137-4B6B-8C99-93D9F0E1B843}.Release|x86.Build.0 = Release|Win32
		{06634144-B670-45F3-8E73-D082C7DF89F6}.Debug|x64.ActiveCfg = Debug|x64
		{06634144-B670-45F3-8E73-D082C7DF89F6}.Debug|x64.Build.0 = Debug|x64
		{06634144-B670-45F3-8E73-D082C7DF89F6}.Debug|x86.ActiveCfg = Debug|Win32
		{06634144-B670-45F3-8E73-D082C7DF89F6}.Debug|x86.Build.0 = Debug|Win32
		{06634144-B670-45F3-8E73-D082C7DF89F6}.Release|x64.ActiveCfg = Release|x64
		{06634144-B670-45F3-8E73-D082C7DF89F6}.Release|x64.Build.0 = Release|x64
		{06634144-B670-45F3-8E73-D082C7DF89F6}.Release|x86.ActiveCfg = Release|Win32
		{06634144-B670-45F3-8E73-D082C7DF89F6}.Release|x86.Build.0 = Release|Win32
		{348F8FBE-4B59-4365-A470-EA9B29B1A37B}.Debug|x64.ActiveCfg = Debug|x64
		{348F8FBE-4B59-4365-A470-EA9B29B1A37B}.Debug|x64.Build.0 = Debug|x64
		{348F8FBE-4B59-4365-A470-EA9B29B1A37B}.Debug|x86.ActiveCfg = Debug|Win32
		{348F8FBE-4B59-4365-A470-EA9B29B1A37B}.Debug|x86.Build.0 = Debug|Win32
		{348F8FBE-4B59-4365-A470-EA9B29B1A37B}.Release|x64.ActiveCfg = Release|x64
		{348F8FBE-4B59-4365-A470-EA9B29B1A37B}.Release|x64.Build.0 = Release|x64
		{348F8FBE-4B59-4365-A470-EA9B29B1A37B}.Release|x86.ActiveCfg = Release|Win32
		{348F8FBE-4B59-4365-A470-EA9B29B1A37B}.Release|x86.Build.0 = Release|Win32
		{E63C89A8-C904-4240-8384-C1E11D18182C}.Debug|x64.ActiveCfg = Debug|x64
		{E63C89A8-C904-4240-8384-C1E11D18182C}.Debug|x64.Build.0 = Debug|x64
		{E63C89A8-C904-4240-8384-C1E11D18182C}.Debug|x86.ActiveCfg = Debug|Win32
		{E63C89A8-C904-4240-8384-C1E11D18182C}.Debug|x86.Build.0 = Debug|Win32
		{E63C89A8-C904-4240-8384-C1E11D18182C}.Release|x64.ActiveCfg = Release|x64
		{E63C89A8-C904-4240-8384-C1E11D18182C}.Release|x64.Build.0 = Release|x64
		{E63C89A8-C904-4240-8384-C1E11D18182C}.Release|x86.ActiveCfg = Release|Win32
		{E63C89A8-C904-4240-8384-C1E11D18182C}.Release|x86.Build.0 = Release|Win32
		{704828EB-5772-4898-A0A8-891E61582045}.Debug|x64.ActiveCfg = Debug|x64
		{704828EB-5772-4898-A0A8-891E61582045}.Debug|x64.Build.0 = Debug|x64
		{704828EB-5772-4898-A0A8-891E61582045}.Debug|x86.ActiveCfg = Debug|Win32
		{704828EB-5772-4898-A0A8-891E61582045}.Debug|x86.Build.0 = Debug|Win32
		{704828EB-5772-4898-A0A8-891E61582045}.Release|x64.ActiveCfg = Release|x64
		{704828EB-5772-4898-A0A8-891E61582045}.Release|x64.Build.0 = Release|x64
		{704828EB-5772-4898-A0A8-891E61582045}.Release|x86.ActiveCfg = Release|Win32
		{704828EB-5772-4898-A0A8-891E61582045}.Release|x86.Build.0 = Release|Win32
		{8834DF00-3318-4D2A-ACE8-35AFB8CDF999}.Debug|x64.ActiveCfg = Debug|x64
		{8834DF00-3318-4D2A-ACE8-35AFB8CDF999}.Debug|x64.Build.0 = Debug|x64
		{8834DF00-3318-4D2A-ACE8-35AFB8CDF999}.Debug|x86.ActiveCfg = Debug|Win32
		{8834DF00-3318-4D2A-ACE8-35AFB8CDF999}.Debug|x86.Build.0 = Debug|Win32
		{8834DF00-3318-4D2A-ACE8-35AFB8CDF999}.Release|x64.ActiveCfg = Release|x64
		{8834DF00-3318-4D2A-ACE8-35AFB8CDF999}.Release|x64.Build.0 = Release|x64
		{8834DF00-3318-4D2A-ACE8-35AFB8CDF999}.Release|x86.ActiveCfg = Release|Win32
		{8834DF00-3318-4D2A-ACE8-35AFB8CDF999}.Release|x86.Build.0 = Release|Win32
	EndGlobalSection
	GlobalSection(SolutionProperties) = preSolution
		HideSolutionNode = FALSE
	EndGlobalSection
	GlobalSection(ExtensibilityGlobals) = postSolution
		SolutionGuid = {3D7FA8FF-16B9-44F0-AB18-ADDA1CED2A8D}
	EndGlobalSection
EndGlobal
